
Microsoft Visual Studio Solution File, Format Version 12.00
# Visual Studio Version 17
VisualStudioVersion = 17.11.35312.102
MinimumVisualStudioVersion = 10.0.40219.1
Project("{FAE04EC0-301F-11D3-BF4B-00C04F79EFBC}") = "01_MainSubjects", "01_MainSubjects\01_MainSubjects.csproj", "{96C3F7E6-905F-4F1A-9F92-E665BC292774}"
EndProject
Project("{FAE04EC0-301F-11D3-BF4B-00C04F79EFBC}") = "02_Variables", "02_Variables\02_Variables.csproj", "{E47A517B-71A9-4490-A4A3-D458C5B3D16D}"
EndProject
Project("{FAE04EC0-301F-11D3-BF4B-00C04F79EFBC}") = "03_MakingDecision", "03_MakingDecision\03_MakingDecision.csproj", "{A1BB9BE9-D275-4FEB-9758-074D4F23AADA}"
EndProject
Project("{FAE04EC0-301F-11D3-BF4B-00C04F79EFBC}") = "04_Loops", "04_Loops\04_Loops.csproj", "{A8C3A627-E09F-496F-A626-62889E786E45}"
EndProject
Project("{FAE04EC0-301F-11D3-BF4B-00C04F79EFBC}") = "05_LoopsWithStars", "05_LoopsWithStars\05_LoopsWithStars.csproj", "{76D35021-CD0C-4F03-BB6F-EF00553E085E}"
EndProject
Project("{FAE04EC0-301F-11D3-BF4B-00C04F79EFBC}") = "06_Arrays", "06_Arrays\06_Arrays.csproj", "{508309C8-5ABE-4F66-A729-CDB82E480D3C}"
EndProject
Project("{FAE04EC0-301F-11D3-BF4B-00C04F79EFBC}") = "07_ForeachLoop", "07_ForeachLoop\07_ForeachLoop.csproj", "{D38EA37D-4DC7-4CFC-BF76-DEA0C43C032C}"
EndProject
Project("{FAE04EC0-301F-11D3-BF4B-00C04F79EFBC}") = "08_Methods", "08_Methods\08_Methods.csproj", "{DEB52043-C978-4907-BB45-9BA2DC69106B}"
EndProject
Global
	GlobalSection(SolutionConfigurationPlatforms) = preSolution
		Debug|Any CPU = Debug|Any CPU
		Release|Any CPU = Release|Any CPU
	EndGlobalSection
	GlobalSection(ProjectConfigurationPlatforms) = postSolution
		{96C3F7E6-905F-4F1A-9F92-E665BC292774}.Debug|Any CPU.ActiveCfg = Debug|Any CPU
		{96C3F7E6-905F-4F1A-9F92-E665BC292774}.Debug|Any CPU.Build.0 = Debug|Any CPU
		{96C3F7E6-905F-4F1A-9F92-E665BC292774}.Release|Any CPU.ActiveCfg = Release|Any CPU
		{96C3F7E6-905F-4F1A-9F92-E665BC292774}.Release|Any CPU.Build.0 = Release|Any CPU
		{E47A517B-71A9-4490-A4A3-D458C5B3D16D}.Debug|Any CPU.ActiveCfg = Debug|Any CPU
		{E47A517B-71A9-4490-A4A3-D458C5B3D16D}.Debug|Any CPU.Build.0 = Debug|Any CPU
		{E47A517B-71A9-4490-A4A3-D458C5B3D16D}.Release|Any CPU.ActiveCfg = Release|Any CPU
		{E47A517B-71A9-4490-A4A3-D458C5B3D16D}.Release|Any CPU.Build.0 = Release|Any CPU
		{A1BB9BE9-D275-4FEB-9758-074D4F23AADA}.Debug|Any CPU.ActiveCfg = Debug|Any CPU
		{A1BB9BE9-D275-4FEB-9758-074D4F23AADA}.Debug|Any CPU.Build.0 = Debug|Any CPU
		{A1BB9BE9-D275-4FEB-9758-074D4F23AADA}.Release|Any CPU.ActiveCfg = Release|Any CPU
		{A1BB9BE9-D275-4FEB-9758-074D4F23AADA}.Release|Any CPU.Build.0 = Release|Any CPU
		{A8C3A627-E09F-496F-A626-62889E786E45}.Debug|Any CPU.ActiveCfg = Debug|Any CPU
		{A8C3A627-E09F-496F-A626-62889E786E45}.Debug|Any CPU.Build.0 = Debug|Any CPU
		{A8C3A627-E09F-496F-A626-62889E786E45}.Release|Any CPU.ActiveCfg = Release|Any CPU
		{A8C3A627-E09F-496F-A626-62889E786E45}.Release|Any CPU.Build.0 = Release|Any CPU
		{76D35021-CD0C-4F03-BB6F-EF00553E085E}.Debug|Any CPU.ActiveCfg = Debug|Any CPU
		{76D35021-CD0C-4F03-BB6F-EF00553E085E}.Debug|Any CPU.Build.0 = Debug|Any CPU
		{76D35021-CD0C-4F03-BB6F-EF00553E085E}.Release|Any CPU.ActiveCfg = Release|Any CPU
		{76D35021-CD0C-4F03-BB6F-EF00553E085E}.Release|Any CPU.Build.0 = Release|Any CPU
		{508309C8-5ABE-4F66-A729-CDB82E480D3C}.Debug|Any CPU.ActiveCfg = Debug|Any CPU
		{508309C8-5ABE-4F66-A729-CDB82E480D3C}.Debug|Any CPU.Build.0 = Debug|Any CPU
		{508309C8-5ABE-4F66-A729-CDB82E480D3C}.Release|Any CPU.ActiveCfg = Release|Any CPU
		{508309C8-5ABE-4F66-A729-CDB82E480D3C}.Release|Any CPU.Build.0 = Release|Any CPU
		{D38EA37D-4DC7-4CFC-BF76-DEA0C43C032C}.Debug|Any CPU.ActiveCfg = Debug|Any CPU
		{D38EA37D-4DC7-4CFC-BF76-DEA0C43C032C}.Debug|Any CPU.Build.0 = Debug|Any CPU
		{D38EA37D-4DC7-4CFC-BF76-DEA0C43C032C}.Release|Any CPU.ActiveCfg = Release|Any CPU
		{D38EA37D-4DC7-4CFC-BF76-DEA0C43C032C}.Release|Any CPU.Build.0 = Release|Any CPU
		{DEB52043-C978-4907-BB45-9BA2DC69106B}.Debug|Any CPU.ActiveCfg = Debug|Any CPU
		{DEB52043-C978-4907-BB45-9BA2DC69106B}.Debug|Any CPU.Build.0 = Debug|Any CPU
		{DEB52043-C978-4907-BB45-9BA2DC69106B}.Release|Any CPU.ActiveCfg = Release|Any CPU
		{DEB52043-C978-4907-BB45-9BA2DC69106B}.Release|Any CPU.Build.0 = Release|Any CPU
	EndGlobalSection
	GlobalSection(SolutionProperties) = preSolution
		HideSolutionNode = FALSE
	EndGlobalSection
	GlobalSection(ExtensibilityGlobals) = postSolution
		SolutionGuid = {8F523696-9486-4133-8976-451D3A67B3CD}
	EndGlobalSection
EndGlobal
